
Microsoft Visual Studio Solution File, Format Version 12.00
# Visual Studio Version 16
VisualStudioVersion = 16.0.31702.278
MinimumVisualStudioVersion = 10.0.40219.1
Project("{FAE04EC0-301F-11D3-BF4B-00C04F79EFBC}") = "ViewStateDemo", "ViewStateDemo\ViewStateDemo.csproj", "{D4E4DBEF-9339-4777-A70C-938E7A14A7DE}"
EndProject
Global
	GlobalSection(SolutionConfigurationPlatforms) = preSolution
		Debug|Any CPU = Debug|Any CPU
		Release|Any CPU = Release|Any CPU
	EndGlobalSection
	GlobalSection(ProjectConfigurationPlatforms) = postSolution
		{D4E4DBEF-9339-4777-A70C-938E7A14A7DE}.Debug|Any CPU.ActiveCfg = Debug|Any CPU
		{D4E4DBEF-9339-4777-A70C-938E7A14A7DE}.Debug|Any CPU.Build.0 = Debug|Any CPU
		{D4E4DBEF-9339-4777-A70C-938E7A14A7DE}.Release|Any CPU.ActiveCfg = Release|Any CPU
		{D4E4DBEF-9339-4777-A70C-938E7A14A7DE}.Release|Any CPU.Build.0 = Release|Any CPU
	EndGlobalSection
	GlobalSection(SolutionProperties) = preSolution
		HideSolutionNode = FALSE
	EndGlobalSection
	GlobalSection(ExtensibilityGlobals) = postSolution
		SolutionGuid = {46C06B49-16A8-4A49-B32F-54A740EAAFBA}
	EndGlobalSection
EndGlobal
